// !$*UTF8*$!
{
	archiveVersion = 1;
	classes = {
	};
	objectVersion = 56;
	objects = {

/* Begin PBXBuildFile section */
		7F8DC90E2A420A0800C868FF /* AppDelegate.swift in Sources */ = {isa = PBXBuildFile; fileRef = 7F8DC90D2A420A0800C868FF /* AppDelegate.swift */; };
		7F8DC9102A420A0800C868FF /* SceneDelegate.swift in Sources */ = {isa = PBXBuildFile; fileRef = 7F8DC90F2A420A0800C868FF /* SceneDelegate.swift */; };
		7F8DC9122A420A0800C868FF /* ViewController.swift in Sources */ = {isa = PBXBuildFile; fileRef = 7F8DC9112A420A0800C868FF /* ViewController.swift */; };
		7F8DC9152A420A0800C868FF /* Main.storyboard in Resources */ = {isa = PBXBuildFile; fileRef = 7F8DC9132A420A0800C868FF /* Main.storyboard */; };
		7F8DC9172A420A0A00C868FF /* Assets.xcassets in Resources */ = {isa = PBXBuildFile; fileRef = 7F8DC9162A420A0A00C868FF /* Assets.xcassets */; };
		7F8DC91A2A420A0A00C868FF /* LaunchScreen.storyboard in Resources */ = {isa = PBXBuildFile; fileRef = 7F8DC9182A420A0A00C868FF /* LaunchScreen.storyboard */; };
		7F8DC9222A420BF800C868FF /* HamburgerViewController.swift in Sources */ = {isa = PBXBuildFile; fileRef = 7F8DC9212A420BF800C868FF /* HamburgerViewController.swift */; };
		7F8DC9252A42191600C868FF /* UIView+Ext.swift in Sources */ = {isa = PBXBuildFile; fileRef = 7F8DC9242A42191600C868FF /* UIView+Ext.swift */; };
		7FD117992A4354AB002B6660 /* Rectangel.swift in Sources */ = {isa = PBXBuildFile; fileRef = 7FD117982A4354AB002B6660 /* Rectangel.swift */; };
		7FD1179B2A4354C5002B6660 /* BurgerMenuButton.swift in Sources */ = {isa = PBXBuildFile; fileRef = 7FD1179A2A4354C5002B6660 /* BurgerMenuButton.swift */; };
/* End PBXBuildFile section */

/* Begin PBXFileReference section */
		7F8DC90A2A420A0800C868FF /* HamburgerMenu.app */ = {isa = PBXFileReference; explicitFileType = wrapper.application; includeInIndex = 0; path = HamburgerMenu.app; sourceTree = BUILT_PRODUCTS_DIR; };
		7F8DC90D2A420A0800C868FF /* AppDelegate.swift */ = {isa = PBXFileReference; lastKnownFileType = sourcecode.swift; path = AppDelegate.swift; sourceTree = "<group>"; };
		7F8DC90F2A420A0800C868FF /* SceneDelegate.swift */ = {isa = PBXFileReference; lastKnownFileType = sourcecode.swift; path = SceneDelegate.swift; sourceTree = "<group>"; };
		7F8DC9112A420A0800C868FF /* ViewController.swift */ = {isa = PBXFileReference; lastKnownFileType = sourcecode.swift; path = ViewController.swift; sourceTree = "<group>"; };
		7F8DC9142A420A0800C868FF /* Base */ = {isa = PBXFileReference; lastKnownFileType = file.storyboard; name = Base; path = Base.lproj/Main.storyboard; sourceTree = "<group>"; };
		7F8DC9162A420A0A00C868FF /* Assets.xcassets */ = {isa = PBXFileReference; lastKnownFileType = folder.assetcatalog; path = Assets.xcassets; sourceTree = "<group>"; };
		7F8DC9192A420A0A00C868FF /* Base */ = {isa = PBXFileReference; lastKnownFileType = file.storyboard; name = Base; path = Base.lproj/LaunchScreen.storyboard; sourceTree = "<group>"; };
		7F8DC91B2A420A0A00C868FF /* Info.plist */ = {isa = PBXFileReference; lastKnownFileType = text.plist.xml; path = Info.plist; sourceTree = "<group>"; };
		7F8DC9212A420BF800C868FF /* HamburgerViewController.swift */ = {isa = PBXFileReference; lastKnownFileType = sourcecode.swift; path = HamburgerViewController.swift; sourceTree = "<group>"; };
		7F8DC9242A42191600C868FF /* UIView+Ext.swift */ = {isa = PBXFileReference; lastKnownFileType = sourcecode.swift; path = "UIView+Ext.swift"; sourceTree = "<group>"; };
		7FD117982A4354AB002B6660 /* Rectangel.swift */ = {isa = PBXFileReference; lastKnownFileType = sourcecode.swift; path = Rectangel.swift; sourceTree = "<group>"; };
		7FD1179A2A4354C5002B6660 /* BurgerMenuButton.swift */ = {isa = PBXFileReference; lastKnownFileType = sourcecode.swift; path = BurgerMenuButton.swift; sourceTree = "<group>"; };
/* End PBXFileReference section */

/* Begin PBXFrameworksBuildPhase section */
		7F8DC9072A420A0800C868FF /* Frameworks */ = {
			isa = PBXFrameworksBuildPhase;
			buildActionMask = 2147483647;
			files = (
			);
			runOnlyForDeploymentPostprocessing = 0;
		};
/* End PBXFrameworksBuildPhase section */

/* Begin PBXGroup section */
		7F0E7A432A4359C000457A4B /* Application */ = {
			isa = PBXGroup;
			children = (
				7F8DC90D2A420A0800C868FF /* AppDelegate.swift */,
				7F8DC90F2A420A0800C868FF /* SceneDelegate.swift */,
				7F8DC9162A420A0A00C868FF /* Assets.xcassets */,
				7F8DC9182A420A0A00C868FF /* LaunchScreen.storyboard */,
				7F8DC91B2A420A0A00C868FF /* Info.plist */,
			);
			path = Application;
			sourceTree = "<group>";
		};
		7F0E7A442A435A1900457A4B /* Controllers */ = {
			isa = PBXGroup;
			children = (
				7F8DC9112A420A0800C868FF /* ViewController.swift */,
				7F8DC9132A420A0800C868FF /* Main.storyboard */,
			);
			path = Controllers;
			sourceTree = "<group>";
		};
		7F8DC9012A420A0800C868FF = {
			isa = PBXGroup;
			children = (
				7F8DC90C2A420A0800C868FF /* HamburgerMenu */,
				7F8DC90B2A420A0800C868FF /* Products */,
			);
			sourceTree = "<group>";
		};
		7F8DC90B2A420A0800C868FF /* Products */ = {
			isa = PBXGroup;
			children = (
				7F8DC90A2A420A0800C868FF /* HamburgerMenu.app */,
			);
			name = Products;
			sourceTree = "<group>";
		};
		7F8DC90C2A420A0800C868FF /* HamburgerMenu */ = {
			isa = PBXGroup;
			children = (
				7F0E7A432A4359C000457A4B /* Application */,
				7F8DC9232A4218FA00C868FF /* Extension */,
				7FD117972A435494002B6660 /* Views */,
				7F0E7A442A435A1900457A4B /* Controllers */,
			);
			path = HamburgerMenu;
			sourceTree = "<group>";
		};
		7F8DC9232A4218FA00C868FF /* Extension */ = {
			isa = PBXGroup;
			children = (
				7F8DC9242A42191600C868FF /* UIView+Ext.swift */,
			);
			path = Extension;
			sourceTree = "<group>";
		};
		7FD117972A435494002B6660 /* Views */ = {
			isa = PBXGroup;
			children = (
				7F8DC9212A420BF800C868FF /* HamburgerViewController.swift */,
				7FD117982A4354AB002B6660 /* Rectangel.swift */,
				7FD1179A2A4354C5002B6660 /* BurgerMenuButton.swift */,
			);
			path = Views;
			sourceTree = "<group>";
		};
/* End PBXGroup section */

/* Begin PBXNativeTarget section */
		7F8DC9092A420A0800C868FF /* HamburgerMenu */ = {
			isa = PBXNativeTarget;
			buildConfigurationList = 7F8DC91E2A420A0A00C868FF /* Build configuration list for PBXNativeTarget "HamburgerMenu" */;
			buildPhases = (
				7F8DC9062A420A0800C868FF /* Sources */,
				7F8DC9072A420A0800C868FF /* Frameworks */,
				7F8DC9082A420A0800C868FF /* Resources */,
			);
			buildRules = (
			);
			dependencies = (
			);
			name = HamburgerMenu;
			productName = HamburgerMenu;
			productReference = 7F8DC90A2A420A0800C868FF /* HamburgerMenu.app */;
			productType = "com.apple.product-type.application";
		};
/* End PBXNativeTarget section */

/* Begin PBXProject section */
		7F8DC9022A420A0800C868FF /* Project object */ = {
			isa = PBXProject;
			attributes = {
				BuildIndependentTargetsInParallel = 1;
				LastSwiftUpdateCheck = 1430;
				LastUpgradeCheck = 1430;
				TargetAttributes = {
					7F8DC9092A420A0800C868FF = {
						CreatedOnToolsVersion = 14.3.1;
					};
				};
			};
			buildConfigurationList = 7F8DC9052A420A0800C868FF /* Build configuration list for PBXProject "HamburgerMenu" */;
			compatibilityVersion = "Xcode 14.0";
			developmentRegion = en;
			hasScannedForEncodings = 0;
			knownRegions = (
				en,
				Base,
			);
			mainGroup = 7F8DC9012A420A0800C868FF;
			productRefGroup = 7F8DC90B2A420A0800C868FF /* Products */;
			projectDirPath = "";
			projectRoot = "";
			targets = (
				7F8DC9092A420A0800C868FF /* HamburgerMenu */,
			);
		};
/* End PBXProject section */

/* Begin PBXResourcesBuildPhase section */
		7F8DC9082A420A0800C868FF /* Resources */ = {
			isa = PBXResourcesBuildPhase;
			buildActionMask = 2147483647;
			files = (
				7F8DC91A2A420A0A00C868FF /* LaunchScreen.storyboard in Resources */,
				7F8DC9172A420A0A00C868FF /* Assets.xcassets in Resources */,
				7F8DC9152A420A0800C868FF /* Main.storyboard in Resources */,
			);
			runOnlyForDeploymentPostprocessing = 0;
		};
/* End PBXResourcesBuildPhase section */

/* Begin PBXSourcesBuildPhase section */
		7F8DC9062A420A0800C868FF /* Sources */ = {
			isa = PBXSourcesBuildPhase;
			buildActionMask = 2147483647;
			files = (
				7F8DC9222A420BF800C868FF /* HamburgerViewController.swift in Sources */,
				7FD1179B2A4354C5002B6660 /* BurgerMenuButton.swift in Sources */,
				7F8DC9122A420A0800C868FF /* ViewController.swift in Sources */,
				7F8DC9252A42191600C868FF /* UIView+Ext.swift in Sources */,
				7F8DC90E2A420A0800C868FF /* AppDelegate.swift in Sources */,
				7F8DC9102A420A0800C868FF /* SceneDelegate.swift in Sources */,
				7FD117992A4354AB002B6660 /* Rectangel.swift in Sources */,
			);
			runOnlyForDeploymentPostprocessing = 0;
		};
/* End PBXSourcesBuildPhase section */

/* Begin PBXVariantGroup section */
		7F8DC9132A420A0800C868FF /* Main.storyboard */ = {
			isa = PBXVariantGroup;
			children = (
				7F8DC9142A420A0800C868FF /* Base */,
			);
			name = Main.storyboard;
			sourceTree = "<group>";
		};
		7F8DC9182A420A0A00C868FF /* LaunchScreen.storyboard */ = {
			isa = PBXVariantGroup;
			children = (
				7F8DC9192A420A0A00C868FF /* Base */,
			);
			name = LaunchScreen.storyboard;
			sourceTree = "<group>";
		};
/* End PBXVariantGroup section */

/* Begin XCBuildConfiguration section */
		7F8DC91C2A420A0A00C868FF /* Debug */ = {
			isa = XCBuildConfiguration;
			buildSettings = {
				ALWAYS_SEARCH_USER_PATHS = NO;
				CLANG_ANALYZER_NONNULL = YES;
				CLANG_ANALYZER_NUMBER_OBJECT_CONVERSION = YES_AGGRESSIVE;
				CLANG_CXX_LANGUAGE_STANDARD = "gnu++20";
				CLANG_ENABLE_MODULES = YES;
				CLANG_ENABLE_OBJC_ARC = YES;
				CLANG_ENABLE_OBJC_WEAK = YES;
				CLANG_WARN_BLOCK_CAPTURE_AUTORELEASING = YES;
				CLANG_WARN_BOOL_CONVERSION = YES;
				CLANG_WARN_COMMA = YES;
				CLANG_WARN_CONSTANT_CONVERSION = YES;
				CLANG_WARN_DEPRECATED_OBJC_IMPLEMENTATIONS = YES;
				CLANG_WARN_DIRECT_OBJC_ISA_USAGE = YES_ERROR;
				CLANG_WARN_DOCUMENTATION_COMMENTS = YES;
				CLANG_WARN_EMPTY_BODY = YES;
				CLANG_WARN_ENUM_CONVERSION = YES;
				CLANG_WARN_INFINITE_RECURSION = YES;
				CLANG_WARN_INT_CONVERSION = YES;
				CLANG_WARN_NON_LITERAL_NULL_CONVERSION = YES;
				CLANG_WARN_OBJC_IMPLICIT_RETAIN_SELF = YES;
				CLANG_WARN_OBJC_LITERAL_CONVERSION = YES;
				CLANG_WARN_OBJC_ROOT_CLASS = YES_ERROR;
				CLANG_WARN_QUOTED_INCLUDE_IN_FRAMEWORK_HEADER = YES;
				CLANG_WARN_RANGE_LOOP_ANALYSIS = YES;
				CLANG_WARN_STRICT_PROTOTYPES = YES;
				CLANG_WARN_SUSPICIOUS_MOVE = YES;
				CLANG_WARN_UNGUARDED_AVAILABILITY = YES_AGGRESSIVE;
				CLANG_WARN_UNREACHABLE_CODE = YES;
				CLANG_WARN__DUPLICATE_METHOD_MATCH = YES;
				COPY_PHASE_STRIP = NO;
				DEBUG_INFORMATION_FORMAT = dwarf;
				ENABLE_STRICT_OBJC_MSGSEND = YES;
				ENABLE_TESTABILITY = YES;
				GCC_C_LANGUAGE_STANDARD = gnu11;
				GCC_DYNAMIC_NO_PIC = NO;
				GCC_NO_COMMON_BLOCKS = YES;
				GCC_OPTIMIZATION_LEVEL = 0;
				GCC_PREPROCESSOR_DEFINITIONS = (
					"DEBUG=1",
					"$(inherited)",
				);
				GCC_WARN_64_TO_32_BIT_CONVERSION = YES;
				GCC_WARN_ABOUT_RETURN_TYPE = YES_ERROR;
				GCC_WARN_UNDECLARED_SELECTOR = YES;
				GCC_WARN_UNINITIALIZED_AUTOS = YES_AGGRESSIVE;
				GCC_WARN_UNUSED_FUNCTION = YES;
				GCC_WARN_UNUSED_VARIABLE = YES;
				IPHONEOS_DEPLOYMENT_TARGET = 16.4;
				MTL_ENABLE_DEBUG_INFO = INCLUDE_SOURCE;
				MTL_FAST_MATH = YES;
				ONLY_ACTIVE_ARCH = YES;
				SDKROOT = iphoneos;
				SWIFT_ACTIVE_COMPILATION_CONDITIONS = DEBUG;
				SWIFT_OPTIMIZATION_LEVEL = "-Onone";
			};
			name = Debug;
		};
		7F8DC91D2A420A0A00C868FF /* Release */ = {
			isa = XCBuildConfiguration;
			buildSettings = {
				ALWAYS_SEARCH_USER_PATHS = NO;
				CLANG_ANALYZER_NONNULL = YES;
				CLANG_ANALYZER_NUMBER_OBJECT_CONVERSION = YES_AGGRESSIVE;
				CLANG_CXX_LANGUAGE_STANDARD = "gnu++20";
				CLANG_ENABLE_MODULES = YES;
				CLANG_ENABLE_OBJC_ARC = YES;
				CLANG_ENABLE_OBJC_WEAK = YES;
				CLANG_WARN_BLOCK_CAPTURE_AUTORELEASING = YES;
				CLANG_WARN_BOOL_CONVERSION = YES;
				CLANG_WARN_COMMA = YES;
				CLANG_WARN_CONSTANT_CONVERSION = YES;
				CLANG_WARN_DEPRECATED_OBJC_IMPLEMENTATIONS = YES;
				CLANG_WARN_DIRECT_OBJC_ISA_USAGE = YES_ERROR;
				CLANG_WARN_DOCUMENTATION_COMMENTS = YES;
				CLANG_WARN_EMPTY_BODY = YES;
				CLANG_WARN_ENUM_CONVERSION = YES;
				CLANG_WARN_INFINITE_RECURSION = YES;
				CLANG_WARN_INT_CONVERSION = YES;
				CLANG_WARN_NON_LITERAL_NULL_CONVERSION = YES;
				CLANG_WARN_OBJC_IMPLICIT_RETAIN_SELF = YES;
				CLANG_WARN_OBJC_LITERAL_CONVERSION = YES;
				CLANG_WARN_OBJC_ROOT_CLASS = YES_ERROR;
				CLANG_WARN_QUOTED_INCLUDE_IN_FRAMEWORK_HEADER = YES;
				CLANG_WARN_RANGE_LOOP_ANALYSIS = YES;
				CLANG_WARN_STRICT_PROTOTYPES = YES;
				CLANG_WARN_SUSPICIOUS_MOVE = YES;
				CLANG_WARN_UNGUARDED_AVAILABILITY = YES_AGGRESSIVE;
				CLANG_WARN_UNREACHABLE_CODE = YES;
				CLANG_WARN__DUPLICATE_METHOD_MATCH = YES;
				COPY_PHASE_STRIP = NO;
				DEBUG_INFORMATION_FORMAT = "dwarf-with-dsym";
				ENABLE_NS_ASSERTIONS = NO;
				ENABLE_STRICT_OBJC_MSGSEND = YES;
				GCC_C_LANGUAGE_STANDARD = gnu11;
				GCC_NO_COMMON_BLOCKS = YES;
				GCC_WARN_64_TO_32_BIT_CONVERSION = YES;
				GCC_WARN_ABOUT_RETURN_TYPE = YES_ERROR;
				GCC_WARN_UNDECLARED_SELECTOR = YES;
				GCC_WARN_UNINITIALIZED_AUTOS = YES_AGGRESSIVE;
				GCC_WARN_UNUSED_FUNCTION = YES;
				GCC_WARN_UNUSED_VARIABLE = YES;
				IPHONEOS_DEPLOYMENT_TARGET = 16.4;
				MTL_ENABLE_DEBUG_INFO = NO;
				MTL_FAST_MATH = YES;
				SDKROOT = iphoneos;
				SWIFT_COMPILATION_MODE = wholemodule;
				SWIFT_OPTIMIZATION_LEVEL = "-O";
				VALIDATE_PRODUCT = YES;
			};
			name = Release;
		};
		7F8DC91F2A420A0A00C868FF /* Debug */ = {
			isa = XCBuildConfiguration;
			buildSettings = {
				ASSETCATALOG_COMPILER_APPICON_NAME = AppIcon;
				ASSETCATALOG_COMPILER_GLOBAL_ACCENT_COLOR_NAME = AccentColor;
				CODE_SIGN_STYLE = Automatic;
				CURRENT_PROJECT_VERSION = 1;
				DEVELOPMENT_TEAM = CSS48FCS24;
				GENERATE_INFOPLIST_FILE = YES;
				INFOPLIST_FILE = HamburgerMenu/Application/Info.plist;
				INFOPLIST_KEY_UIApplicationSupportsIndirectInputEvents = YES;
				INFOPLIST_KEY_UILaunchStoryboardName = LaunchScreen;
				INFOPLIST_KEY_UIMainStoryboardFile = Main;
				INFOPLIST_KEY_UISupportedInterfaceOrientations_iPad = "UIInterfaceOrientationPortrait UIInterfaceOrientationPortraitUpsideDown UIInterfaceOrientationLandscapeLeft UIInterfaceOrientationLandscapeRight";
				INFOPLIST_KEY_UISupportedInterfaceOrientations_iPhone = "UIInterfaceOrientationPortrait UIInterfaceOrientationLandscapeLeft UIInterfaceOrientationLandscapeRight";
				LD_RUNPATH_SEARCH_PATHS = (
					"$(inherited)",
					"@executable_path/Frameworks",
				);
				MARKETING_VERSION = 1.0;
				PRODUCT_BUNDLE_IDENTIFIER = git.HamburgerMenu;
				PRODUCT_NAME = "$(TARGET_NAME)";
				SWIFT_EMIT_LOC_STRINGS = YES;
				SWIFT_VERSION = 5.0;
				TARGETED_DEVICE_FAMILY = "1,2";
			};
			name = Debug;
		};
		7F8DC9202A420A0A00C868FF /* Release */ = {
			isa = XCBuildConfiguration;
			buildSettings = {
				ASSETCATALOG_COMPILER_APPICON_NAME = AppIcon;
				ASSETCATALOG_COMPILER_GLOBAL_ACCENT_COLOR_NAME = AccentColor;
				CODE_SIGN_STYLE = Automatic;
				CURRENT_PROJECT_VERSION = 1;
				DEVELOPMENT_TEAM = CSS48FCS24;
				GENERATE_INFOPLIST_FILE = YES;
				INFOPLIST_FILE = HamburgerMenu/Application/Info.plist;
				INFOPLIST_KEY_UIApplicationSupportsIndirectInputEvents = YES;
				INFOPLIST_KEY_UILaunchStoryboardName = LaunchScreen;
				INFOPLIST_KEY_UIMainStoryboardFile = Main;
				INFOPLIST_KEY_UISupportedInterfaceOrientations_iPad = "UIInterfaceOrientationPortrait UIInterfaceOrientationPortraitUpsideDown UIInterfaceOrientationLandscapeLeft UIInterfaceOrientationLandscapeRight";
				INFOPLIST_KEY_UISupportedInterfaceOrientations_iPhone = "UIInterfaceOrientationPortrait UIInterfaceOrientationLandscapeLeft UIInterfaceOrientationLandscapeRight";
				LD_RUNPATH_SEARCH_PATHS = (
					"$(inherited)",
					"@executable_path/Frameworks",
				);
				MARKETING_VERSION = 1.0;
				PRODUCT_BUNDLE_IDENTIFIER = git.HamburgerMenu;
				PRODUCT_NAME = "$(TARGET_NAME)";
				SWIFT_EMIT_LOC_STRINGS = YES;
				SWIFT_VERSION = 5.0;
				TARGETED_DEVICE_FAMILY = "1,2";
			};
			name = Release;
		};
/* End XCBuildConfiguration section */

/* Begin XCConfigurationList section */
		7F8DC9052A420A0800C868FF /* Build configuration list for PBXProject "HamburgerMenu" */ = {
			isa = XCConfigurationList;
			buildConfigurations = (
				7F8DC91C2A420A0A00C868FF /* Debug */,
				7F8DC91D2A420A0A00C868FF /* Release */,
			);
			defaultConfigurationIsVisible = 0;
			defaultConfigurationName = Release;
		};
		7F8DC91E2A420A0A00C868FF /* Build configuration list for PBXNativeTarget "HamburgerMenu" */ = {
			isa = XCConfigurationList;
			buildConfigurations = (
				7F8DC91F2A420A0A00C868FF /* Debug */,
				7F8DC9202A420A0A00C868FF /* Release */,
			);
			defaultConfigurationIsVisible = 0;
			defaultConfigurationName = Release;
		};
/* End XCConfigurationList section */
	};
	rootObject = 7F8DC9022A420A0800C868FF /* Project object */;
}
